
Microsoft Visual Studio Solution File, Format Version 12.00
# Visual Studio Version 17
VisualStudioVersion = 17.3.32901.215
MinimumVisualStudioVersion = 10.0.40219.1
Project("{FAE04EC0-301F-11D3-BF4B-00C04F79EFBC}") = "PE-14", "PE-14.csproj", "{21AE284E-7CDD-4706-A197-1D1C3A223CBB}"
EndProject
Global
	GlobalSection(SolutionConfigurationPlatforms) = preSolution
		Debug|Any CPU = Debug|Any CPU
		Release|Any CPU = Release|Any CPU
	EndGlobalSection
	GlobalSection(ProjectConfigurationPlatforms) = postSolution
		{21AE284E-7CDD-4706-A197-1D1C3A223CBB}.Debug|Any CPU.ActiveCfg = Debug|Any CPU
		{21AE284E-7CDD-4706-A197-1D1C3A223CBB}.Debug|Any CPU.Build.0 = Debug|Any CPU
		{21AE284E-7CDD-4706-A197-1D1C3A223CBB}.Release|Any CPU.ActiveCfg = Release|Any CPU
		{21AE284E-7CDD-4706-A197-1D1C3A223CBB}.Release|Any CPU.Build.0 = Release|Any CPU
	EndGlobalSection
	GlobalSection(SolutionProperties) = preSolution
		HideSolutionNode = FALSE
	EndGlobalSection
	GlobalSection(ExtensibilityGlobals) = postSolution
		SolutionGuid = {D636A664-EBDD-45BC-8605-396CE2BE4B40}
	EndGlobalSection
EndGlobal
