
Microsoft Visual Studio Solution File, Format Version 12.00
# Visual Studio Version 17
VisualStudioVersion = 17.4.33110.190
MinimumVisualStudioVersion = 10.0.40219.1
Project("{FAE04EC0-301F-11D3-BF4B-00C04F79EFBC}") = "Math Quiz Form", "Math Quiz Form\Math Quiz Form.csproj", "{B699202A-919D-485B-9AD6-4451D114ACDE}"
EndProject
Global
	GlobalSection(SolutionConfigurationPlatforms) = preSolution
		Debug|Any CPU = Debug|Any CPU
		Release|Any CPU = Release|Any CPU
	EndGlobalSection
	GlobalSection(ProjectConfigurationPlatforms) = postSolution
		{B699202A-919D-485B-9AD6-4451D114ACDE}.Debug|Any CPU.ActiveCfg = Debug|Any CPU
		{B699202A-919D-485B-9AD6-4451D114ACDE}.Debug|Any CPU.Build.0 = Debug|Any CPU
		{B699202A-919D-485B-9AD6-4451D114ACDE}.Release|Any CPU.ActiveCfg = Release|Any CPU
		{B699202A-919D-485B-9AD6-4451D114ACDE}.Release|Any CPU.Build.0 = Release|Any CPU
	EndGlobalSection
	GlobalSection(SolutionProperties) = preSolution
		HideSolutionNode = FALSE
	EndGlobalSection
	GlobalSection(ExtensibilityGlobals) = postSolution
		SolutionGuid = {81BD352C-C20C-46A4-8C50-EE3BAB90C4E7}
	EndGlobalSection
EndGlobal
