
Microsoft Visual Studio Solution File, Format Version 12.00
# Visual Studio Version 17
VisualStudioVersion = 17.3.32901.215
MinimumVisualStudioVersion = 10.0.40219.1
Project("{FAE04EC0-301F-11D3-BF4B-00C04F79EFBC}") = "3-DArray", "3-DArray\3-DArray.csproj", "{1D54DC10-C9F7-4155-B70B-0FA93B300600}"
EndProject
Global
	GlobalSection(SolutionConfigurationPlatforms) = preSolution
		Debug|Any CPU = Debug|Any CPU
		Release|Any CPU = Release|Any CPU
	EndGlobalSection
	GlobalSection(ProjectConfigurationPlatforms) = postSolution
		{1D54DC10-C9F7-4155-B70B-0FA93B300600}.Debug|Any CPU.ActiveCfg = Debug|Any CPU
		{1D54DC10-C9F7-4155-B70B-0FA93B300600}.Debug|Any CPU.Build.0 = Debug|Any CPU
		{1D54DC10-C9F7-4155-B70B-0FA93B300600}.Release|Any CPU.ActiveCfg = Release|Any CPU
		{1D54DC10-C9F7-4155-B70B-0FA93B300600}.Release|Any CPU.Build.0 = Release|Any CPU
	EndGlobalSection
	GlobalSection(SolutionProperties) = preSolution
		HideSolutionNode = FALSE
	EndGlobalSection
	GlobalSection(ExtensibilityGlobals) = postSolution
		SolutionGuid = {13720B48-7794-478C-88AA-5AC6E750C52D}
	EndGlobalSection
EndGlobal
