
Microsoft Visual Studio Solution File, Format Version 12.00
# Visual Studio Version 17
VisualStudioVersion = 17.3.32901.215
MinimumVisualStudioVersion = 10.0.40219.1
Project("{FAE04EC0-301F-11D3-BF4B-00C04F79EFBC}") = "unitTst2-9", "unitTst2-9.csproj", "{F2AFB23F-7D5D-4048-A946-F53A91B0B8FB}"
EndProject
Global
	GlobalSection(SolutionConfigurationPlatforms) = preSolution
		Debug|Any CPU = Debug|Any CPU
		Release|Any CPU = Release|Any CPU
	EndGlobalSection
	GlobalSection(ProjectConfigurationPlatforms) = postSolution
		{F2AFB23F-7D5D-4048-A946-F53A91B0B8FB}.Debug|Any CPU.ActiveCfg = Debug|Any CPU
		{F2AFB23F-7D5D-4048-A946-F53A91B0B8FB}.Debug|Any CPU.Build.0 = Debug|Any CPU
		{F2AFB23F-7D5D-4048-A946-F53A91B0B8FB}.Release|Any CPU.ActiveCfg = Release|Any CPU
		{F2AFB23F-7D5D-4048-A946-F53A91B0B8FB}.Release|Any CPU.Build.0 = Release|Any CPU
	EndGlobalSection
	GlobalSection(SolutionProperties) = preSolution
		HideSolutionNode = FALSE
	EndGlobalSection
	GlobalSection(ExtensibilityGlobals) = postSolution
		SolutionGuid = {82CBC94B-07F2-4F75-AA54-B67B966401BD}
	EndGlobalSection
EndGlobal
