
Microsoft Visual Studio Solution File, Format Version 12.00
# Visual Studio Version 17
VisualStudioVersion = 17.2.32630.192
MinimumVisualStudioVersion = 10.0.40219.1
Project("{FAE04EC0-301F-11D3-BF4B-00C04F79EFBC}") = "Raise Jaaron Gunpot", "Raise Jaaron Gunpot\Raise Jaaron Gunpot.csproj", "{1BC1FDBE-4375-422B-B2BC-3EE528776073}"
EndProject
Global
	GlobalSection(SolutionConfigurationPlatforms) = preSolution
		Debug|Any CPU = Debug|Any CPU
		Release|Any CPU = Release|Any CPU
	EndGlobalSection
	GlobalSection(ProjectConfigurationPlatforms) = postSolution
		{1BC1FDBE-4375-422B-B2BC-3EE528776073}.Debug|Any CPU.ActiveCfg = Debug|Any CPU
		{1BC1FDBE-4375-422B-B2BC-3EE528776073}.Debug|Any CPU.Build.0 = Debug|Any CPU
		{1BC1FDBE-4375-422B-B2BC-3EE528776073}.Release|Any CPU.ActiveCfg = Release|Any CPU
		{1BC1FDBE-4375-422B-B2BC-3EE528776073}.Release|Any CPU.Build.0 = Release|Any CPU
	EndGlobalSection
	GlobalSection(SolutionProperties) = preSolution
		HideSolutionNode = FALSE
	EndGlobalSection
	GlobalSection(ExtensibilityGlobals) = postSolution
		SolutionGuid = {5ED6DA0C-7819-4ED0-B759-329639B5A915}
	EndGlobalSection
EndGlobal
